
Microsoft Visual Studio Solution File, Format Version 12.00
# Visual Studio Version 16
VisualStudioVersion = 16.0.29318.209
MinimumVisualStudioVersion = 10.0.40219.1
Project("{8BC9CEB8-8B4A-11D0-8D11-00A0C91BC942}") = "ugs", "ugs.vcxproj", "{69CDC545-7370-4E98-AF42-C8059CD348EC}"
EndProject
Project("{8BC9CEB8-8B4A-11D0-8D11-00A0C91BC942}") = "d3d11test", "examples\d3d11test.vcxproj", "{CB590281-45AD-4173-84E0-01D94944283B}"
EndProject
Global
	GlobalSection(SolutionConfigurationPlatforms) = preSolution
		Debug|x64 = Debug|x64
		Debug|x86 = Debug|x86
		Release|x64 = Release|x64
		Release|x86 = Release|x86
	EndGlobalSection
	GlobalSection(ProjectConfigurationPlatforms) = postSolution
		{69CDC545-7370-4E98-AF42-C8059CD348EC}.Debug|x64.ActiveCfg = Debug|x64
		{69CDC545-7370-4E98-AF42-C8059CD348EC}.Debug|x64.Build.0 = Debug|x64
		{69CDC545-7370-4E98-AF42-C8059CD348EC}.Debug|x86.ActiveCfg = Debug|Win32
		{69CDC545-7370-4E98-AF42-C8059CD348EC}.Debug|x86.Build.0 = Debug|Win32
		{69CDC545-7370-4E98-AF42-C8059CD348EC}.Release|x64.ActiveCfg = Release|x64
		{69CDC545-7370-4E98-AF42-C8059CD348EC}.Release|x64.Build.0 = Release|x64
		{69CDC545-7370-4E98-AF42-C8059CD348EC}.Release|x86.ActiveCfg = Release|Win32
		{69CDC545-7370-4E98-AF42-C8059CD348EC}.Release|x86.Build.0 = Release|Win32
		{CB590281-45AD-4173-84E0-01D94944283B}.Debug|x64.ActiveCfg = Debug|x64
		{CB590281-45AD-4173-84E0-01D94944283B}.Debug|x64.Build.0 = Debug|x64
		{CB590281-45AD-4173-84E0-01D94944283B}.Debug|x86.ActiveCfg = Debug|Win32
		{CB590281-45AD-4173-84E0-01D94944283B}.Debug|x86.Build.0 = Debug|Win32
		{CB590281-45AD-4173-84E0-01D94944283B}.Release|x64.ActiveCfg = Release|x64
		{CB590281-45AD-4173-84E0-01D94944283B}.Release|x64.Build.0 = Release|x64
		{CB590281-45AD-4173-84E0-01D94944283B}.Release|x86.ActiveCfg = Release|Win32
		{CB590281-45AD-4173-84E0-01D94944283B}.Release|x86.Build.0 = Release|Win32
	EndGlobalSection
	GlobalSection(SolutionProperties) = preSolution
		HideSolutionNode = FALSE
	EndGlobalSection
	GlobalSection(ExtensibilityGlobals) = postSolution
		SolutionGuid = {DE1AB6D5-D005-45F7-B5A8-C37021DE99F9}
	EndGlobalSection
EndGlobal
